
Microsoft Visual Studio Solution File, Format Version 12.00
# Visual Studio Version 16
VisualStudioVersion = 16.0.34931.43
MinimumVisualStudioVersion = 10.0.40219.1
Project("{FAE04EC0-301F-11D3-BF4B-00C04F79EFBC}") = "ConsoleApp1", "ConsoleApp1.csproj", "{437AFB99-9A4A-448D-A7C2-341471513438}"
EndProject
Global
	GlobalSection(SolutionConfigurationPlatforms) = preSolution
		Debug|Any CPU = Debug|Any CPU
		Release|Any CPU = Release|Any CPU
	EndGlobalSection
	GlobalSection(ProjectConfigurationPlatforms) = postSolution
		{437AFB99-9A4A-448D-A7C2-341471513438}.Debug|Any CPU.ActiveCfg = Debug|Any CPU
		{437AFB99-9A4A-448D-A7C2-341471513438}.Debug|Any CPU.Build.0 = Debug|Any CPU
		{437AFB99-9A4A-448D-A7C2-341471513438}.Release|Any CPU.ActiveCfg = Release|Any CPU
		{437AFB99-9A4A-448D-A7C2-341471513438}.Release|Any CPU.Build.0 = Release|Any CPU
	EndGlobalSection
	GlobalSection(SolutionProperties) = preSolution
		HideSolutionNode = FALSE
	EndGlobalSection
	GlobalSection(ExtensibilityGlobals) = postSolution
		SolutionGuid = {B44B6823-7A19-4442-AB4C-EA3C8CCA64D9}
	EndGlobalSection
EndGlobal
